
Microsoft Visual Studio Solution File, Format Version 11.00
# Visual Studio 2010
Project("{FAE04EC0-301F-11D3-BF4B-00C04F79EFBC}") = "MLDemo1", "Assembly-CSharp.csproj", "{849D8AD8-52CD-F8FD-CAF9-C273C55FB0A6}"
EndProject
Project("{FAE04EC0-301F-11D3-BF4B-00C04F79EFBC}") = "MLDemo1", "Assembly-CSharp-Editor.csproj", "{D800263F-C076-3242-88A7-148E570C7EBE}"
EndProject
Global
	GlobalSection(SolutionConfigurationPlatforms) = preSolution
		Debug|Any CPU = Debug|Any CPU
		Release|Any CPU = Release|Any CPU
	EndGlobalSection
	GlobalSection(ProjectConfigurationPlatforms) = postSolution
		{849D8AD8-52CD-F8FD-CAF9-C273C55FB0A6}.Debug|Any CPU.ActiveCfg = Debug|Any CPU
		{849D8AD8-52CD-F8FD-CAF9-C273C55FB0A6}.Debug|Any CPU.Build.0 = Debug|Any CPU
		{849D8AD8-52CD-F8FD-CAF9-C273C55FB0A6}.Release|Any CPU.ActiveCfg = Release|Any CPU
		{849D8AD8-52CD-F8FD-CAF9-C273C55FB0A6}.Release|Any CPU.Build.0 = Release|Any CPU
		{D800263F-C076-3242-88A7-148E570C7EBE}.Debug|Any CPU.ActiveCfg = Debug|Any CPU
		{D800263F-C076-3242-88A7-148E570C7EBE}.Debug|Any CPU.Build.0 = Debug|Any CPU
		{D800263F-C076-3242-88A7-148E570C7EBE}.Release|Any CPU.ActiveCfg = Release|Any CPU
		{D800263F-C076-3242-88A7-148E570C7EBE}.Release|Any CPU.Build.0 = Release|Any CPU
	EndGlobalSection
	GlobalSection(SolutionProperties) = preSolution
		HideSolutionNode = FALSE
	EndGlobalSection
	GlobalSection(MonoDevelopProperties) = preSolution
		StartupItem = Assembly-CSharp.csproj
	EndGlobalSection
EndGlobal
